
Microsoft Visual Studio Solution File, Format Version 12.00
# Visual Studio Version 17
VisualStudioVersion = 17.0.32112.339
MinimumVisualStudioVersion = 10.0.40219.1
Project("{9A19103F-16F7-4668-BE54-9A1E7A4F7556}") = "LinqLesson", "LinqLesson\LinqLesson.csproj", "{897B6F5C-CAB2-42D5-8491-7FA0ECFBE112}"
EndProject
Project("{FAE04EC0-301F-11D3-BF4B-00C04F79EFBC}") = "ConsoleApp.UnitTest", "ConsoleApp.UnitTest\ConsoleApp.UnitTest.csproj", "{5ED808F2-0744-4361-923D-EAB23CC434A6}"
EndProject
Global
	GlobalSection(SolutionConfigurationPlatforms) = preSolution
		Debug|Any CPU = Debug|Any CPU
		Release|Any CPU = Release|Any CPU
	EndGlobalSection
	GlobalSection(ProjectConfigurationPlatforms) = postSolution
		{897B6F5C-CAB2-42D5-8491-7FA0ECFBE112}.Debug|Any CPU.ActiveCfg = Debug|Any CPU
		{897B6F5C-CAB2-42D5-8491-7FA0ECFBE112}.Debug|Any CPU.Build.0 = Debug|Any CPU
		{897B6F5C-CAB2-42D5-8491-7FA0ECFBE112}.Release|Any CPU.ActiveCfg = Release|Any CPU
		{897B6F5C-CAB2-42D5-8491-7FA0ECFBE112}.Release|Any CPU.Build.0 = Release|Any CPU
		{5ED808F2-0744-4361-923D-EAB23CC434A6}.Debug|Any CPU.ActiveCfg = Debug|Any CPU
		{5ED808F2-0744-4361-923D-EAB23CC434A6}.Debug|Any CPU.Build.0 = Debug|Any CPU
		{5ED808F2-0744-4361-923D-EAB23CC434A6}.Release|Any CPU.ActiveCfg = Release|Any CPU
		{5ED808F2-0744-4361-923D-EAB23CC434A6}.Release|Any CPU.Build.0 = Release|Any CPU
	EndGlobalSection
	GlobalSection(SolutionProperties) = preSolution
		HideSolutionNode = FALSE
	EndGlobalSection
	GlobalSection(ExtensibilityGlobals) = postSolution
		SolutionGuid = {EF2D0E3F-56F7-45B0-9438-96B2866D5B6C}
	EndGlobalSection
EndGlobal
