
Microsoft Visual Studio Solution File, Format Version 12.00
# Visual Studio Version 17
VisualStudioVersion = 17.0.31903.59
MinimumVisualStudioVersion = 10.0.40219.1
Project("{FAE04EC0-301F-11D3-BF4B-00C04F79EFBC}") = "ConsoleApp04classwork", "ConsoleApp04classwork\ConsoleApp04classwork.csproj", "{6CF06885-E717-41E9-8AD3-84E1947EEB3C}"
EndProject
Global
	GlobalSection(SolutionConfigurationPlatforms) = preSolution
		Debug|Any CPU = Debug|Any CPU
		Release|Any CPU = Release|Any CPU
	EndGlobalSection
	GlobalSection(ProjectConfigurationPlatforms) = postSolution
		{6CF06885-E717-41E9-8AD3-84E1947EEB3C}.Debug|Any CPU.ActiveCfg = Debug|Any CPU
		{6CF06885-E717-41E9-8AD3-84E1947EEB3C}.Debug|Any CPU.Build.0 = Debug|Any CPU
		{6CF06885-E717-41E9-8AD3-84E1947EEB3C}.Release|Any CPU.ActiveCfg = Release|Any CPU
		{6CF06885-E717-41E9-8AD3-84E1947EEB3C}.Release|Any CPU.Build.0 = Release|Any CPU
	EndGlobalSection
	GlobalSection(SolutionProperties) = preSolution
		HideSolutionNode = FALSE
	EndGlobalSection
	GlobalSection(ExtensibilityGlobals) = postSolution
		SolutionGuid = {6429C179-48E7-4C14-91C9-6B46D502E504}
	EndGlobalSection
EndGlobal
