
Microsoft Visual Studio Solution File, Format Version 12.00
# Visual Studio Version 17
VisualStudioVersion = 17.0.31912.275
MinimumVisualStudioVersion = 10.0.40219.1
Project("{FAE04EC0-301F-11D3-BF4B-00C04F79EFBC}") = "BeetrootClasswor_03", "BeetrootClasswor_03\BeetrootClasswor_03.csproj", "{D0DB8E65-8FCB-40E5-970D-53E6D4057EA8}"
EndProject
Global
	GlobalSection(SolutionConfigurationPlatforms) = preSolution
		Debug|Any CPU = Debug|Any CPU
		Release|Any CPU = Release|Any CPU
	EndGlobalSection
	GlobalSection(ProjectConfigurationPlatforms) = postSolution
		{D0DB8E65-8FCB-40E5-970D-53E6D4057EA8}.Debug|Any CPU.ActiveCfg = Debug|Any CPU
		{D0DB8E65-8FCB-40E5-970D-53E6D4057EA8}.Debug|Any CPU.Build.0 = Debug|Any CPU
		{D0DB8E65-8FCB-40E5-970D-53E6D4057EA8}.Release|Any CPU.ActiveCfg = Release|Any CPU
		{D0DB8E65-8FCB-40E5-970D-53E6D4057EA8}.Release|Any CPU.Build.0 = Release|Any CPU
	EndGlobalSection
	GlobalSection(SolutionProperties) = preSolution
		HideSolutionNode = FALSE
	EndGlobalSection
	GlobalSection(ExtensibilityGlobals) = postSolution
		SolutionGuid = {371CD2C0-5517-4F8D-81FD-20E180A6172E}
	EndGlobalSection
EndGlobal
