
Microsoft Visual Studio Solution File, Format Version 12.00
# Visual Studio Version 17
VisualStudioVersion = 17.0.32112.339
MinimumVisualStudioVersion = 10.0.40219.1
Project("{FAE04EC0-301F-11D3-BF4B-00C04F79EFBC}") = "ConsoleApp", "ConsoleApp\ConsoleApp.csproj", "{A3B1149F-2858-4016-9B93-D4EE4FFF8689}"
EndProject
Project("{2150E333-8FDC-42A3-9474-1A3956D46DE8}") = "Solution Items", "Solution Items", "{6424F2B5-1D16-4176-B30B-0C3E3D46D732}"
	ProjectSection(SolutionItems) = preProject
		.config\dotnet-tools.json = .config\dotnet-tools.json
	EndProjectSection
EndProject
Global
	GlobalSection(SolutionConfigurationPlatforms) = preSolution
		Debug|Any CPU = Debug|Any CPU
		Release|Any CPU = Release|Any CPU
	EndGlobalSection
	GlobalSection(ProjectConfigurationPlatforms) = postSolution
		{A3B1149F-2858-4016-9B93-D4EE4FFF8689}.Debug|Any CPU.ActiveCfg = Debug|Any CPU
		{A3B1149F-2858-4016-9B93-D4EE4FFF8689}.Debug|Any CPU.Build.0 = Debug|Any CPU
		{A3B1149F-2858-4016-9B93-D4EE4FFF8689}.Release|Any CPU.ActiveCfg = Release|Any CPU
		{A3B1149F-2858-4016-9B93-D4EE4FFF8689}.Release|Any CPU.Build.0 = Release|Any CPU
	EndGlobalSection
	GlobalSection(SolutionProperties) = preSolution
		HideSolutionNode = FALSE
	EndGlobalSection
	GlobalSection(ExtensibilityGlobals) = postSolution
		SolutionGuid = {F0434F75-F83D-48F3-97E8-A15CB2110EB5}
	EndGlobalSection
EndGlobal
