
Microsoft Visual Studio Solution File, Format Version 12.00
# Visual Studio Version 17
VisualStudioVersion = 17.0.31912.275
MinimumVisualStudioVersion = 10.0.40219.1
Project("{FAE04EC0-301F-11D3-BF4B-00C04F79EFBC}") = "HomeWork", "HomeWork\HomeWork.csproj", "{6A7F668D-6D4A-46D6-AC82-92DADD72A581}"
EndProject
Global
	GlobalSection(SolutionConfigurationPlatforms) = preSolution
		Debug|Any CPU = Debug|Any CPU
		Release|Any CPU = Release|Any CPU
	EndGlobalSection
	GlobalSection(ProjectConfigurationPlatforms) = postSolution
		{6A7F668D-6D4A-46D6-AC82-92DADD72A581}.Debug|Any CPU.ActiveCfg = Debug|Any CPU
		{6A7F668D-6D4A-46D6-AC82-92DADD72A581}.Debug|Any CPU.Build.0 = Debug|Any CPU
		{6A7F668D-6D4A-46D6-AC82-92DADD72A581}.Release|Any CPU.ActiveCfg = Release|Any CPU
		{6A7F668D-6D4A-46D6-AC82-92DADD72A581}.Release|Any CPU.Build.0 = Release|Any CPU
	EndGlobalSection
	GlobalSection(SolutionProperties) = preSolution
		HideSolutionNode = FALSE
	EndGlobalSection
	GlobalSection(ExtensibilityGlobals) = postSolution
		SolutionGuid = {7E489AA1-EC03-49DD-B300-508C3AC0EA25}
	EndGlobalSection
EndGlobal
