
Microsoft Visual Studio Solution File, Format Version 12.00
# Visual Studio Version 17
VisualStudioVersion = 17.0.31912.275
MinimumVisualStudioVersion = 10.0.40219.1
Project("{FAE04EC0-301F-11D3-BF4B-00C04F79EFBC}") = "BeetrootHomework_03", "BeetrootHomework_03\BeetrootHomework_03.csproj", "{02F172B5-C475-467A-8B30-24A7052E5699}"
EndProject
Global
	GlobalSection(SolutionConfigurationPlatforms) = preSolution
		Debug|Any CPU = Debug|Any CPU
		Release|Any CPU = Release|Any CPU
	EndGlobalSection
	GlobalSection(ProjectConfigurationPlatforms) = postSolution
		{02F172B5-C475-467A-8B30-24A7052E5699}.Debug|Any CPU.ActiveCfg = Debug|Any CPU
		{02F172B5-C475-467A-8B30-24A7052E5699}.Debug|Any CPU.Build.0 = Debug|Any CPU
		{02F172B5-C475-467A-8B30-24A7052E5699}.Release|Any CPU.ActiveCfg = Release|Any CPU
		{02F172B5-C475-467A-8B30-24A7052E5699}.Release|Any CPU.Build.0 = Release|Any CPU
	EndGlobalSection
	GlobalSection(SolutionProperties) = preSolution
		HideSolutionNode = FALSE
	EndGlobalSection
	GlobalSection(ExtensibilityGlobals) = postSolution
		SolutionGuid = {46117B4D-557D-47E7-8B57-0C0D6FC0EF00}
	EndGlobalSection
EndGlobal
