
Microsoft Visual Studio Solution File, Format Version 12.00
# Visual Studio Version 17
VisualStudioVersion = 17.0.31903.59
MinimumVisualStudioVersion = 10.0.40219.1
Project("{FAE04EC0-301F-11D3-BF4B-00C04F79EFBC}") = "ConsoleApp09classworkException", "ConsoleApp09classworkException\ConsoleApp09classworkException.csproj", "{72729275-9687-4C36-A163-4EC7CFF4B677}"
EndProject
Global
	GlobalSection(SolutionConfigurationPlatforms) = preSolution
		Debug|Any CPU = Debug|Any CPU
		Release|Any CPU = Release|Any CPU
	EndGlobalSection
	GlobalSection(ProjectConfigurationPlatforms) = postSolution
		{72729275-9687-4C36-A163-4EC7CFF4B677}.Debug|Any CPU.ActiveCfg = Debug|Any CPU
		{72729275-9687-4C36-A163-4EC7CFF4B677}.Debug|Any CPU.Build.0 = Debug|Any CPU
		{72729275-9687-4C36-A163-4EC7CFF4B677}.Release|Any CPU.ActiveCfg = Release|Any CPU
		{72729275-9687-4C36-A163-4EC7CFF4B677}.Release|Any CPU.Build.0 = Release|Any CPU
	EndGlobalSection
	GlobalSection(SolutionProperties) = preSolution
		HideSolutionNode = FALSE
	EndGlobalSection
	GlobalSection(ExtensibilityGlobals) = postSolution
		SolutionGuid = {EDE10814-97E3-47C1-919E-94E484199BC5}
	EndGlobalSection
EndGlobal
