
Microsoft Visual Studio Solution File, Format Version 12.00
# Visual Studio Version 17
VisualStudioVersion = 17.0.32014.148
MinimumVisualStudioVersion = 10.0.40219.1
Project("{9A19103F-16F7-4668-BE54-9A1E7A4F7556}") = "DAL", "DLL\DAL.csproj", "{AECD623F-B392-49AE-A890-204708904DC3}"
EndProject
Project("{9A19103F-16F7-4668-BE54-9A1E7A4F7556}") = "BLL", "BLL\BLL.csproj", "{F86557F8-E717-4600-8AEB-B3049A1F2927}"
EndProject
Project("{9A19103F-16F7-4668-BE54-9A1E7A4F7556}") = "Test", "Test\Test.csproj", "{187EF305-18B4-4A45-920F-D90EB37AA01A}"
EndProject
Project("{9A19103F-16F7-4668-BE54-9A1E7A4F7556}") = "Shared", "Shared\Shared.csproj", "{4DB376D0-7C47-4817-AE46-5431BE92A67B}"
EndProject
Project("{9A19103F-16F7-4668-BE54-9A1E7A4F7556}") = "MagicShop", "MagicShop\MagicShop.csproj", "{46B93F00-81A5-4EC1-83D5-285BACFDF278}"
EndProject
Global
	GlobalSection(SolutionConfigurationPlatforms) = preSolution
		Debug|Any CPU = Debug|Any CPU
		Release|Any CPU = Release|Any CPU
	EndGlobalSection
	GlobalSection(ProjectConfigurationPlatforms) = postSolution
		{AECD623F-B392-49AE-A890-204708904DC3}.Debug|Any CPU.ActiveCfg = Debug|Any CPU
		{AECD623F-B392-49AE-A890-204708904DC3}.Debug|Any CPU.Build.0 = Debug|Any CPU
		{AECD623F-B392-49AE-A890-204708904DC3}.Release|Any CPU.ActiveCfg = Release|Any CPU
		{AECD623F-B392-49AE-A890-204708904DC3}.Release|Any CPU.Build.0 = Release|Any CPU
		{F86557F8-E717-4600-8AEB-B3049A1F2927}.Debug|Any CPU.ActiveCfg = Debug|Any CPU
		{F86557F8-E717-4600-8AEB-B3049A1F2927}.Debug|Any CPU.Build.0 = Debug|Any CPU
		{F86557F8-E717-4600-8AEB-B3049A1F2927}.Release|Any CPU.ActiveCfg = Release|Any CPU
		{F86557F8-E717-4600-8AEB-B3049A1F2927}.Release|Any CPU.Build.0 = Release|Any CPU
		{187EF305-18B4-4A45-920F-D90EB37AA01A}.Debug|Any CPU.ActiveCfg = Debug|Any CPU
		{187EF305-18B4-4A45-920F-D90EB37AA01A}.Debug|Any CPU.Build.0 = Debug|Any CPU
		{187EF305-18B4-4A45-920F-D90EB37AA01A}.Release|Any CPU.ActiveCfg = Release|Any CPU
		{187EF305-18B4-4A45-920F-D90EB37AA01A}.Release|Any CPU.Build.0 = Release|Any CPU
		{4DB376D0-7C47-4817-AE46-5431BE92A67B}.Debug|Any CPU.ActiveCfg = Debug|Any CPU
		{4DB376D0-7C47-4817-AE46-5431BE92A67B}.Debug|Any CPU.Build.0 = Debug|Any CPU
		{4DB376D0-7C47-4817-AE46-5431BE92A67B}.Release|Any CPU.ActiveCfg = Release|Any CPU
		{4DB376D0-7C47-4817-AE46-5431BE92A67B}.Release|Any CPU.Build.0 = Release|Any CPU
		{46B93F00-81A5-4EC1-83D5-285BACFDF278}.Debug|Any CPU.ActiveCfg = Debug|Any CPU
		{46B93F00-81A5-4EC1-83D5-285BACFDF278}.Debug|Any CPU.Build.0 = Debug|Any CPU
		{46B93F00-81A5-4EC1-83D5-285BACFDF278}.Release|Any CPU.ActiveCfg = Release|Any CPU
		{46B93F00-81A5-4EC1-83D5-285BACFDF278}.Release|Any CPU.Build.0 = Release|Any CPU
	EndGlobalSection
	GlobalSection(SolutionProperties) = preSolution
		HideSolutionNode = FALSE
	EndGlobalSection
	GlobalSection(ExtensibilityGlobals) = postSolution
		SolutionGuid = {D7B26256-AB1F-415F-8D18-80A64FF8A2A2}
	EndGlobalSection
EndGlobal
