
Microsoft Visual Studio Solution File, Format Version 12.00
# Visual Studio Version 17
VisualStudioVersion = 17.0.31903.59
MinimumVisualStudioVersion = 10.0.40219.1
Project("{FAE04EC0-301F-11D3-BF4B-00C04F79EFBC}") = "ConsoleApp14Struct", "ConsoleApp14Struct\ConsoleApp14Struct.csproj", "{5F6F27CE-5292-4BE0-B05E-22876F8DCFD3}"
EndProject
Global
	GlobalSection(SolutionConfigurationPlatforms) = preSolution
		Debug|Any CPU = Debug|Any CPU
		Release|Any CPU = Release|Any CPU
	EndGlobalSection
	GlobalSection(ProjectConfigurationPlatforms) = postSolution
		{5F6F27CE-5292-4BE0-B05E-22876F8DCFD3}.Debug|Any CPU.ActiveCfg = Debug|Any CPU
		{5F6F27CE-5292-4BE0-B05E-22876F8DCFD3}.Debug|Any CPU.Build.0 = Debug|Any CPU
		{5F6F27CE-5292-4BE0-B05E-22876F8DCFD3}.Release|Any CPU.ActiveCfg = Release|Any CPU
		{5F6F27CE-5292-4BE0-B05E-22876F8DCFD3}.Release|Any CPU.Build.0 = Release|Any CPU
	EndGlobalSection
	GlobalSection(SolutionProperties) = preSolution
		HideSolutionNode = FALSE
	EndGlobalSection
	GlobalSection(ExtensibilityGlobals) = postSolution
		SolutionGuid = {74C6B621-B6F1-49D9-BF68-157470865094}
	EndGlobalSection
EndGlobal
