
Microsoft Visual Studio Solution File, Format Version 12.00
# Visual Studio Version 17
VisualStudioVersion = 17.1.31903.286
MinimumVisualStudioVersion = 10.0.40219.1
Project("{9A19103F-16F7-4668-BE54-9A1E7A4F7556}") = "Homework_3_conditional_operators", "Homework_3_conditional_operators\Homework_3_conditional_operators.csproj", "{CDD68E99-1C7D-42CB-A6E9-A97CB44753E4}"
EndProject
Project("{2150E333-8FDC-42A3-9474-1A3956D46DE8}") = "Solution Items", "Solution Items", "{48CDB700-A269-4F96-B294-86FC2CEB5B95}"
	ProjectSection(SolutionItems) = preProject
		.editorconfig = .editorconfig
	EndProjectSection
EndProject
Project("{FAE04EC0-301F-11D3-BF4B-00C04F79EFBC}") = "CyclesPractice", "..\CyclesPractice\CyclesPractice.csproj", "{AED54235-3F3A-4C15-B616-D5E31CFBEAD2}"
EndProject
Global
	GlobalSection(SolutionConfigurationPlatforms) = preSolution
		Debug|Any CPU = Debug|Any CPU
		Release|Any CPU = Release|Any CPU
	EndGlobalSection
	GlobalSection(ProjectConfigurationPlatforms) = postSolution
		{CDD68E99-1C7D-42CB-A6E9-A97CB44753E4}.Debug|Any CPU.ActiveCfg = Debug|Any CPU
		{CDD68E99-1C7D-42CB-A6E9-A97CB44753E4}.Debug|Any CPU.Build.0 = Debug|Any CPU
		{CDD68E99-1C7D-42CB-A6E9-A97CB44753E4}.Release|Any CPU.ActiveCfg = Release|Any CPU
		{CDD68E99-1C7D-42CB-A6E9-A97CB44753E4}.Release|Any CPU.Build.0 = Release|Any CPU
		{AED54235-3F3A-4C15-B616-D5E31CFBEAD2}.Debug|Any CPU.ActiveCfg = Debug|Any CPU
		{AED54235-3F3A-4C15-B616-D5E31CFBEAD2}.Debug|Any CPU.Build.0 = Debug|Any CPU
		{AED54235-3F3A-4C15-B616-D5E31CFBEAD2}.Release|Any CPU.ActiveCfg = Release|Any CPU
		{AED54235-3F3A-4C15-B616-D5E31CFBEAD2}.Release|Any CPU.Build.0 = Release|Any CPU
	EndGlobalSection
	GlobalSection(SolutionProperties) = preSolution
		HideSolutionNode = FALSE
	EndGlobalSection
	GlobalSection(ExtensibilityGlobals) = postSolution
		SolutionGuid = {0D644388-11D4-4C18-BF10-7192D6DC2E38}
	EndGlobalSection
EndGlobal
