
Microsoft Visual Studio Solution File, Format Version 12.00
# Visual Studio Version 17
VisualStudioVersion = 17.0.31912.275
MinimumVisualStudioVersion = 10.0.40219.1
Project("{FAE04EC0-301F-11D3-BF4B-00C04F79EFBC}") = "ConsoleApp3", "ConsoleApp3\ConsoleApp3.csproj", "{95304019-E242-4D53-B628-EF4DA54AD9E8}"
EndProject
Global
	GlobalSection(SolutionConfigurationPlatforms) = preSolution
		Debug|Any CPU = Debug|Any CPU
		Release|Any CPU = Release|Any CPU
	EndGlobalSection
	GlobalSection(ProjectConfigurationPlatforms) = postSolution
		{95304019-E242-4D53-B628-EF4DA54AD9E8}.Debug|Any CPU.ActiveCfg = Debug|Any CPU
		{95304019-E242-4D53-B628-EF4DA54AD9E8}.Debug|Any CPU.Build.0 = Debug|Any CPU
		{95304019-E242-4D53-B628-EF4DA54AD9E8}.Release|Any CPU.ActiveCfg = Release|Any CPU
		{95304019-E242-4D53-B628-EF4DA54AD9E8}.Release|Any CPU.Build.0 = Release|Any CPU
	EndGlobalSection
	GlobalSection(SolutionProperties) = preSolution
		HideSolutionNode = FALSE
	EndGlobalSection
	GlobalSection(ExtensibilityGlobals) = postSolution
		SolutionGuid = {D2284157-9A8C-4105-A792-C2396E7F1006}
	EndGlobalSection
EndGlobal
