
Microsoft Visual Studio Solution File, Format Version 12.00
# Visual Studio Version 17
VisualStudioVersion = 17.0.32014.148
MinimumVisualStudioVersion = 10.0.40219.1
Project("{FAE04EC0-301F-11D3-BF4B-00C04F79EFBC}") = "ConsoleApp19Linq", "ConsoleApp19Linq\ConsoleApp19Linq.csproj", "{F8852D00-B04F-4143-842D-A1D68FB823B5}"
EndProject
Global
	GlobalSection(SolutionConfigurationPlatforms) = preSolution
		Debug|Any CPU = Debug|Any CPU
		Release|Any CPU = Release|Any CPU
	EndGlobalSection
	GlobalSection(ProjectConfigurationPlatforms) = postSolution
		{F8852D00-B04F-4143-842D-A1D68FB823B5}.Debug|Any CPU.ActiveCfg = Debug|Any CPU
		{F8852D00-B04F-4143-842D-A1D68FB823B5}.Debug|Any CPU.Build.0 = Debug|Any CPU
		{F8852D00-B04F-4143-842D-A1D68FB823B5}.Release|Any CPU.ActiveCfg = Release|Any CPU
		{F8852D00-B04F-4143-842D-A1D68FB823B5}.Release|Any CPU.Build.0 = Release|Any CPU
	EndGlobalSection
	GlobalSection(SolutionProperties) = preSolution
		HideSolutionNode = FALSE
	EndGlobalSection
	GlobalSection(ExtensibilityGlobals) = postSolution
		SolutionGuid = {ACE48DFE-C762-4E78-89DD-F21F9CCADE16}
	EndGlobalSection
EndGlobal
