
Microsoft Visual Studio Solution File, Format Version 12.00
# Visual Studio Version 17
VisualStudioVersion = 17.0.31903.59
MinimumVisualStudioVersion = 10.0.40219.1
Project("{FAE04EC0-301F-11D3-BF4B-00C04F79EFBC}") = "ConsoleApp11classworkEncapsulation", "ConsoleApp11classworkEncapsulation\ConsoleApp11classworkEncapsulation.csproj", "{44281CD3-BB31-42C3-B142-F1AA132B8E17}"
EndProject
Global
	GlobalSection(SolutionConfigurationPlatforms) = preSolution
		Debug|Any CPU = Debug|Any CPU
		Release|Any CPU = Release|Any CPU
	EndGlobalSection
	GlobalSection(ProjectConfigurationPlatforms) = postSolution
		{44281CD3-BB31-42C3-B142-F1AA132B8E17}.Debug|Any CPU.ActiveCfg = Debug|Any CPU
		{44281CD3-BB31-42C3-B142-F1AA132B8E17}.Debug|Any CPU.Build.0 = Debug|Any CPU
		{44281CD3-BB31-42C3-B142-F1AA132B8E17}.Release|Any CPU.ActiveCfg = Release|Any CPU
		{44281CD3-BB31-42C3-B142-F1AA132B8E17}.Release|Any CPU.Build.0 = Release|Any CPU
	EndGlobalSection
	GlobalSection(SolutionProperties) = preSolution
		HideSolutionNode = FALSE
	EndGlobalSection
	GlobalSection(ExtensibilityGlobals) = postSolution
		SolutionGuid = {5F2A8E63-A057-4EBF-8DB6-22438F96C19F}
	EndGlobalSection
EndGlobal
