
Microsoft Visual Studio Solution File, Format Version 12.00
# Visual Studio Version 17
VisualStudioVersion = 17.0.31903.59
MinimumVisualStudioVersion = 10.0.40219.1
Project("{FAE04EC0-301F-11D3-BF4B-00C04F79EFBC}") = "ConsoleApp", "ConsoleApp.csproj", "{77E16047-2C9A-4F81-8876-BC2FDEEE7FF3}"
EndProject
Global
	GlobalSection(SolutionConfigurationPlatforms) = preSolution
		Debug|Any CPU = Debug|Any CPU
		Release|Any CPU = Release|Any CPU
	EndGlobalSection
	GlobalSection(ProjectConfigurationPlatforms) = postSolution
		{77E16047-2C9A-4F81-8876-BC2FDEEE7FF3}.Debug|Any CPU.ActiveCfg = Debug|Any CPU
		{77E16047-2C9A-4F81-8876-BC2FDEEE7FF3}.Debug|Any CPU.Build.0 = Debug|Any CPU
		{77E16047-2C9A-4F81-8876-BC2FDEEE7FF3}.Release|Any CPU.ActiveCfg = Release|Any CPU
		{77E16047-2C9A-4F81-8876-BC2FDEEE7FF3}.Release|Any CPU.Build.0 = Release|Any CPU
	EndGlobalSection
	GlobalSection(SolutionProperties) = preSolution
		HideSolutionNode = FALSE
	EndGlobalSection
	GlobalSection(ExtensibilityGlobals) = postSolution
		SolutionGuid = {A991C057-EB03-4FF3-90E1-87CB9AD65CF2}
	EndGlobalSection
EndGlobal
