
Microsoft Visual Studio Solution File, Format Version 12.00
# Visual Studio Version 17
VisualStudioVersion = 17.0.31903.59
MinimumVisualStudioVersion = 10.0.40219.1
Project("{FAE04EC0-301F-11D3-BF4B-00C04F79EFBC}") = "ConsoleApp", "ConsoleApp\ConsoleApp.csproj", "{B89C0D18-A62D-42B2-92F4-5B8FA15FBBC4}"
EndProject
Global
	GlobalSection(SolutionConfigurationPlatforms) = preSolution
		Debug|Any CPU = Debug|Any CPU
		Release|Any CPU = Release|Any CPU
	EndGlobalSection
	GlobalSection(ProjectConfigurationPlatforms) = postSolution
		{B89C0D18-A62D-42B2-92F4-5B8FA15FBBC4}.Debug|Any CPU.ActiveCfg = Debug|Any CPU
		{B89C0D18-A62D-42B2-92F4-5B8FA15FBBC4}.Debug|Any CPU.Build.0 = Debug|Any CPU
		{B89C0D18-A62D-42B2-92F4-5B8FA15FBBC4}.Release|Any CPU.ActiveCfg = Release|Any CPU
		{B89C0D18-A62D-42B2-92F4-5B8FA15FBBC4}.Release|Any CPU.Build.0 = Release|Any CPU
	EndGlobalSection
	GlobalSection(SolutionProperties) = preSolution
		HideSolutionNode = FALSE
	EndGlobalSection
	GlobalSection(ExtensibilityGlobals) = postSolution
		SolutionGuid = {BEC2D094-D3EF-471F-AED7-B81E312A5216}
	EndGlobalSection
EndGlobal
