
Microsoft Visual Studio Solution File, Format Version 12.00
# Visual Studio Version 17
VisualStudioVersion = 17.1.32421.90
MinimumVisualStudioVersion = 10.0.40219.1
Project("{FAE04EC0-301F-11D3-BF4B-00C04F79EFBC}") = "EventManager", "EventManager\EventManager.csproj", "{A25BB1EF-46C3-4B13-8677-941FC19BFC4E}"
EndProject
Global
	GlobalSection(SolutionConfigurationPlatforms) = preSolution
		Debug|Any CPU = Debug|Any CPU
		Release|Any CPU = Release|Any CPU
	EndGlobalSection
	GlobalSection(ProjectConfigurationPlatforms) = postSolution
		{A25BB1EF-46C3-4B13-8677-941FC19BFC4E}.Debug|Any CPU.ActiveCfg = Debug|Any CPU
		{A25BB1EF-46C3-4B13-8677-941FC19BFC4E}.Debug|Any CPU.Build.0 = Debug|Any CPU
		{A25BB1EF-46C3-4B13-8677-941FC19BFC4E}.Release|Any CPU.ActiveCfg = Release|Any CPU
		{A25BB1EF-46C3-4B13-8677-941FC19BFC4E}.Release|Any CPU.Build.0 = Release|Any CPU
	EndGlobalSection
	GlobalSection(SolutionProperties) = preSolution
		HideSolutionNode = FALSE
	EndGlobalSection
	GlobalSection(ExtensibilityGlobals) = postSolution
		SolutionGuid = {B4EF62A2-6404-4CB8-AAF5-E87E00CC2D1E}
	EndGlobalSection
EndGlobal
