
Microsoft Visual Studio Solution File, Format Version 12.00
# Visual Studio Version 17
VisualStudioVersion = 17.0.31903.59
MinimumVisualStudioVersion = 10.0.40219.1
Project("{FAE04EC0-301F-11D3-BF4B-00C04F79EFBC}") = "ConsoleApp14classworkStruct", "ConsoleApp14classworkStruct\ConsoleApp14classworkStruct.csproj", "{9D1BA30E-2BB5-4E66-B766-A12BE0F33853}"
EndProject
Global
	GlobalSection(SolutionConfigurationPlatforms) = preSolution
		Debug|Any CPU = Debug|Any CPU
		Release|Any CPU = Release|Any CPU
	EndGlobalSection
	GlobalSection(ProjectConfigurationPlatforms) = postSolution
		{9D1BA30E-2BB5-4E66-B766-A12BE0F33853}.Debug|Any CPU.ActiveCfg = Debug|Any CPU
		{9D1BA30E-2BB5-4E66-B766-A12BE0F33853}.Debug|Any CPU.Build.0 = Debug|Any CPU
		{9D1BA30E-2BB5-4E66-B766-A12BE0F33853}.Release|Any CPU.ActiveCfg = Release|Any CPU
		{9D1BA30E-2BB5-4E66-B766-A12BE0F33853}.Release|Any CPU.Build.0 = Release|Any CPU
	EndGlobalSection
	GlobalSection(SolutionProperties) = preSolution
		HideSolutionNode = FALSE
	EndGlobalSection
	GlobalSection(ExtensibilityGlobals) = postSolution
		SolutionGuid = {ED2E4701-5333-484C-A757-49AB5C539CCE}
	EndGlobalSection
EndGlobal
