
Microsoft Visual Studio Solution File, Format Version 12.00
# Visual Studio Version 17
VisualStudioVersion = 17.0.31903.59
MinimumVisualStudioVersion = 10.0.40219.1
Project("{FAE04EC0-301F-11D3-BF4B-00C04F79EFBC}") = "ConsoleAppHomeworkRecurcion", "ConsoleAppHomeworkRecurcion\ConsoleAppHomeworkRecurcion.csproj", "{8B15BDD7-2A1E-429D-889E-203A886C754E}"
EndProject
Global
	GlobalSection(SolutionConfigurationPlatforms) = preSolution
		Debug|Any CPU = Debug|Any CPU
		Release|Any CPU = Release|Any CPU
	EndGlobalSection
	GlobalSection(ProjectConfigurationPlatforms) = postSolution
		{8B15BDD7-2A1E-429D-889E-203A886C754E}.Debug|Any CPU.ActiveCfg = Debug|Any CPU
		{8B15BDD7-2A1E-429D-889E-203A886C754E}.Debug|Any CPU.Build.0 = Debug|Any CPU
		{8B15BDD7-2A1E-429D-889E-203A886C754E}.Release|Any CPU.ActiveCfg = Release|Any CPU
		{8B15BDD7-2A1E-429D-889E-203A886C754E}.Release|Any CPU.Build.0 = Release|Any CPU
	EndGlobalSection
	GlobalSection(SolutionProperties) = preSolution
		HideSolutionNode = FALSE
	EndGlobalSection
	GlobalSection(ExtensibilityGlobals) = postSolution
		SolutionGuid = {0D06EF3B-019A-4424-B78F-D9FF503B9496}
	EndGlobalSection
EndGlobal
