
Microsoft Visual Studio Solution File, Format Version 12.00
# Visual Studio Version 17
VisualStudioVersion = 17.0.31903.59
MinimumVisualStudioVersion = 10.0.40219.1
Project("{FAE04EC0-301F-11D3-BF4B-00C04F79EFBC}") = "ConsoleApp1", "ConsoleApp1.csproj", "{BAE4D360-E921-44BE-8979-EB48FDEF3F29}"
EndProject
Global
	GlobalSection(SolutionConfigurationPlatforms) = preSolution
		Debug|Any CPU = Debug|Any CPU
		Release|Any CPU = Release|Any CPU
	EndGlobalSection
	GlobalSection(ProjectConfigurationPlatforms) = postSolution
		{BAE4D360-E921-44BE-8979-EB48FDEF3F29}.Debug|Any CPU.ActiveCfg = Debug|Any CPU
		{BAE4D360-E921-44BE-8979-EB48FDEF3F29}.Debug|Any CPU.Build.0 = Debug|Any CPU
		{BAE4D360-E921-44BE-8979-EB48FDEF3F29}.Release|Any CPU.ActiveCfg = Release|Any CPU
		{BAE4D360-E921-44BE-8979-EB48FDEF3F29}.Release|Any CPU.Build.0 = Release|Any CPU
	EndGlobalSection
	GlobalSection(SolutionProperties) = preSolution
		HideSolutionNode = FALSE
	EndGlobalSection
	GlobalSection(ExtensibilityGlobals) = postSolution
		SolutionGuid = {3567E26D-451E-4800-A9B2-04F20E110BEF}
	EndGlobalSection
EndGlobal
