
Microsoft Visual Studio Solution File, Format Version 12.00
# Visual Studio Version 17
VisualStudioVersion = 17.0.31903.59
MinimumVisualStudioVersion = 10.0.40219.1
Project("{FAE04EC0-301F-11D3-BF4B-00C04F79EFBC}") = "ConsoleAppHomework13Interfaces", "ConsoleAppHomework13Interfaces\ConsoleAppHomework13Interfaces.csproj", "{BC70EC89-3D81-44C8-9077-E127AF3C0B5A}"
EndProject
Global
	GlobalSection(SolutionConfigurationPlatforms) = preSolution
		Debug|Any CPU = Debug|Any CPU
		Release|Any CPU = Release|Any CPU
	EndGlobalSection
	GlobalSection(ProjectConfigurationPlatforms) = postSolution
		{BC70EC89-3D81-44C8-9077-E127AF3C0B5A}.Debug|Any CPU.ActiveCfg = Debug|Any CPU
		{BC70EC89-3D81-44C8-9077-E127AF3C0B5A}.Debug|Any CPU.Build.0 = Debug|Any CPU
		{BC70EC89-3D81-44C8-9077-E127AF3C0B5A}.Release|Any CPU.ActiveCfg = Release|Any CPU
		{BC70EC89-3D81-44C8-9077-E127AF3C0B5A}.Release|Any CPU.Build.0 = Release|Any CPU
	EndGlobalSection
	GlobalSection(SolutionProperties) = preSolution
		HideSolutionNode = FALSE
	EndGlobalSection
	GlobalSection(ExtensibilityGlobals) = postSolution
		SolutionGuid = {3967B351-41A5-48AE-B1AC-650C2E64ED7F}
	EndGlobalSection
EndGlobal
