
Microsoft Visual Studio Solution File, Format Version 12.00
# Visual Studio Version 17
VisualStudioVersion = 17.0.32002.185
MinimumVisualStudioVersion = 10.0.40219.1
Project("{FAE04EC0-301F-11D3-BF4B-00C04F79EFBC}") = "EntityFrameworkApp", "EntityFrameworkApp.csproj", "{47F0BBDB-FA73-40E2-85B7-79013B7422E6}"
EndProject
Global
	GlobalSection(SolutionConfigurationPlatforms) = preSolution
		Debug|Any CPU = Debug|Any CPU
		Release|Any CPU = Release|Any CPU
	EndGlobalSection
	GlobalSection(ProjectConfigurationPlatforms) = postSolution
		{47F0BBDB-FA73-40E2-85B7-79013B7422E6}.Debug|Any CPU.ActiveCfg = Debug|Any CPU
		{47F0BBDB-FA73-40E2-85B7-79013B7422E6}.Debug|Any CPU.Build.0 = Debug|Any CPU
		{47F0BBDB-FA73-40E2-85B7-79013B7422E6}.Release|Any CPU.ActiveCfg = Release|Any CPU
		{47F0BBDB-FA73-40E2-85B7-79013B7422E6}.Release|Any CPU.Build.0 = Release|Any CPU
	EndGlobalSection
	GlobalSection(SolutionProperties) = preSolution
		HideSolutionNode = FALSE
	EndGlobalSection
	GlobalSection(ExtensibilityGlobals) = postSolution
		SolutionGuid = {C4795918-9350-41A1-8BA0-C21EB267BE53}
	EndGlobalSection
EndGlobal
