
Microsoft Visual Studio Solution File, Format Version 12.00
# Visual Studio Version 17
VisualStudioVersion = 17.1.32210.238
MinimumVisualStudioVersion = 10.0.40219.1
Project("{FAE04EC0-301F-11D3-BF4B-00C04F79EFBC}") = "AuthExample", "AuthExample\AuthExample.csproj", "{EB3F979E-84CF-4EB8-B0CD-558E317C0F77}"
EndProject
Global
	GlobalSection(SolutionConfigurationPlatforms) = preSolution
		Debug|Any CPU = Debug|Any CPU
		Release|Any CPU = Release|Any CPU
	EndGlobalSection
	GlobalSection(ProjectConfigurationPlatforms) = postSolution
		{EB3F979E-84CF-4EB8-B0CD-558E317C0F77}.Debug|Any CPU.ActiveCfg = Debug|Any CPU
		{EB3F979E-84CF-4EB8-B0CD-558E317C0F77}.Debug|Any CPU.Build.0 = Debug|Any CPU
		{EB3F979E-84CF-4EB8-B0CD-558E317C0F77}.Release|Any CPU.ActiveCfg = Release|Any CPU
		{EB3F979E-84CF-4EB8-B0CD-558E317C0F77}.Release|Any CPU.Build.0 = Release|Any CPU
	EndGlobalSection
	GlobalSection(SolutionProperties) = preSolution
		HideSolutionNode = FALSE
	EndGlobalSection
	GlobalSection(ExtensibilityGlobals) = postSolution
		SolutionGuid = {9F53F454-872E-4736-94B2-F73C6D92B9AF}
	EndGlobalSection
EndGlobal
