
Microsoft Visual Studio Solution File, Format Version 12.00
# Visual Studio Version 17
VisualStudioVersion = 17.1.32210.238
MinimumVisualStudioVersion = 10.0.40219.1
Project("{FAE04EC0-301F-11D3-BF4B-00C04F79EFBC}") = "AuthExample", "AuthExample\AuthExample.csproj", "{626D7AD3-4BA9-4A4C-9339-03402339C7CF}"
EndProject
Global
	GlobalSection(SolutionConfigurationPlatforms) = preSolution
		Debug|Any CPU = Debug|Any CPU
		Release|Any CPU = Release|Any CPU
	EndGlobalSection
	GlobalSection(ProjectConfigurationPlatforms) = postSolution
		{626D7AD3-4BA9-4A4C-9339-03402339C7CF}.Debug|Any CPU.ActiveCfg = Debug|Any CPU
		{626D7AD3-4BA9-4A4C-9339-03402339C7CF}.Debug|Any CPU.Build.0 = Debug|Any CPU
		{626D7AD3-4BA9-4A4C-9339-03402339C7CF}.Release|Any CPU.ActiveCfg = Release|Any CPU
		{626D7AD3-4BA9-4A4C-9339-03402339C7CF}.Release|Any CPU.Build.0 = Release|Any CPU
	EndGlobalSection
	GlobalSection(SolutionProperties) = preSolution
		HideSolutionNode = FALSE
	EndGlobalSection
	GlobalSection(ExtensibilityGlobals) = postSolution
		SolutionGuid = {F207989C-3F88-447A-9C5A-D33753A0DCE4}
	EndGlobalSection
EndGlobal
