
Microsoft Visual Studio Solution File, Format Version 12.00
# Visual Studio Version 17
VisualStudioVersion = 17.1.31903.286
MinimumVisualStudioVersion = 10.0.40219.1
Project("{FAE04EC0-301F-11D3-BF4B-00C04F79EFBC}") = "Classwork3", "Classwork3\Classwork3.csproj", "{29AAD33E-6B4B-4697-9F60-A39856861F77}"
EndProject
Global
	GlobalSection(SolutionConfigurationPlatforms) = preSolution
		Debug|Any CPU = Debug|Any CPU
		Release|Any CPU = Release|Any CPU
	EndGlobalSection
	GlobalSection(ProjectConfigurationPlatforms) = postSolution
		{29AAD33E-6B4B-4697-9F60-A39856861F77}.Debug|Any CPU.ActiveCfg = Debug|Any CPU
		{29AAD33E-6B4B-4697-9F60-A39856861F77}.Debug|Any CPU.Build.0 = Debug|Any CPU
		{29AAD33E-6B4B-4697-9F60-A39856861F77}.Release|Any CPU.ActiveCfg = Release|Any CPU
		{29AAD33E-6B4B-4697-9F60-A39856861F77}.Release|Any CPU.Build.0 = Release|Any CPU
	EndGlobalSection
	GlobalSection(SolutionProperties) = preSolution
		HideSolutionNode = FALSE
	EndGlobalSection
	GlobalSection(ExtensibilityGlobals) = postSolution
		SolutionGuid = {6DD79F28-45AB-47E9-9488-77E2B4B2B4AF}
	EndGlobalSection
EndGlobal
